
Microsoft Visual Studio Solution File, Format Version 12.00
# Visual Studio Version 17
VisualStudioVersion = 17.11.35312.102
MinimumVisualStudioVersion = 10.0.40219.1
Project("{FAE04EC0-301F-11D3-BF4B-00C04F79EFBC}") = "Radio_Checkbox_DatePicker_Dropdown", "Radio_Checkbox_DatePicker_Dropdown\Radio_Checkbox_DatePicker_Dropdown.csproj", "{DA342A50-AD67-4B93-BC05-6DB2FFA89D8F}"
EndProject
Global
	GlobalSection(SolutionConfigurationPlatforms) = preSolution
		Debug|Any CPU = Debug|Any CPU
		Release|Any CPU = Release|Any CPU
	EndGlobalSection
	GlobalSection(ProjectConfigurationPlatforms) = postSolution
		{DA342A50-AD67-4B93-BC05-6DB2FFA89D8F}.Debug|Any CPU.ActiveCfg = Debug|Any CPU
		{DA342A50-AD67-4B93-BC05-6DB2FFA89D8F}.Debug|Any CPU.Build.0 = Debug|Any CPU
		{DA342A50-AD67-4B93-BC05-6DB2FFA89D8F}.Release|Any CPU.ActiveCfg = Release|Any CPU
		{DA342A50-AD67-4B93-BC05-6DB2FFA89D8F}.Release|Any CPU.Build.0 = Release|Any CPU
	EndGlobalSection
	GlobalSection(SolutionProperties) = preSolution
		HideSolutionNode = FALSE
	EndGlobalSection
	GlobalSection(ExtensibilityGlobals) = postSolution
		SolutionGuid = {F044184B-A4B4-4246-97E2-788C5739B8FF}
	EndGlobalSection
EndGlobal
